
Microsoft Visual Studio Solution File, Format Version 12.00
# Visual Studio Version 16
VisualStudioVersion = 16.0.31424.327
MinimumVisualStudioVersion = 10.0.40219.1
Project("{FAE04EC0-301F-11D3-BF4B-00C04F79EFBC}") = "Classes-Exercise 2", "Classes-Exercise 2\Classes-Exercise 2.csproj", "{CAF11672-DA5A-468C-8FFB-AAE2B4419983}"
EndProject
Global
	GlobalSection(SolutionConfigurationPlatforms) = preSolution
		Debug|Any CPU = Debug|Any CPU
		Release|Any CPU = Release|Any CPU
	EndGlobalSection
	GlobalSection(ProjectConfigurationPlatforms) = postSolution
		{CAF11672-DA5A-468C-8FFB-AAE2B4419983}.Debug|Any CPU.ActiveCfg = Debug|Any CPU
		{CAF11672-DA5A-468C-8FFB-AAE2B4419983}.Debug|Any CPU.Build.0 = Debug|Any CPU
		{CAF11672-DA5A-468C-8FFB-AAE2B4419983}.Release|Any CPU.ActiveCfg = Release|Any CPU
		{CAF11672-DA5A-468C-8FFB-AAE2B4419983}.Release|Any CPU.Build.0 = Release|Any CPU
	EndGlobalSection
	GlobalSection(SolutionProperties) = preSolution
		HideSolutionNode = FALSE
	EndGlobalSection
	GlobalSection(ExtensibilityGlobals) = postSolution
		SolutionGuid = {A1B877D3-ECD3-4116-835A-7337948FBB13}
	EndGlobalSection
EndGlobal
